{
  "requires": true,
  "lockfileVersion": 1,
  "dependencies": {
    "@babel/runtime": {
      "version": "7.9.6",
      "resolved": "https://registry.npmjs.org/@babel/runtime/-/runtime-7.9.6.tgz",
      "integrity": "sha512-64AF1xY3OAkFHqOb9s4jpgk1Mm5vDZ4L3acHvAml+53nO1XbXLuDodsVpO4OIUsmemlUHMxNdYMNJmsvOwLrvQ==",
      "requires": {
        "regenerator-runtime": "^0.13.4"
      }
    },
    "automation-events": {
      "version": "2.0.7",
      "resolved": "https://registry.npmjs.org/automation-events/-/automation-events-2.0.7.tgz",
      "integrity": "sha512-V4Jht89D5bS5x+klInZn3j6ou/G6rJZSIWwnTVd7y6dJUAIfmAPsn4NS0s6fznFpk8ZIHaTBO7454zZ3ztfZkw==",
      "requires": {
        "@babel/runtime": "^7.9.6",
        "tslib": "^1.11.2"
      }
    },
    "regenerator-runtime": {
      "version": "0.13.5",
      "resolved": "https://registry.npmjs.org/regenerator-runtime/-/regenerator-runtime-0.13.5.tgz",
      "integrity": "sha512-ZS5w8CpKFinUzOwW3c83oPeVXoNsrLsaCoLtJvAClH135j/R77RuymhiSErhm2lKcwSCIpmvIWSbDkIfAqKQlA=="
    },
    "standardized-audio-context": {
      "version": "24.1.14",
      "resolved": "https://registry.npmjs.org/standardized-audio-context/-/standardized-audio-context-24.1.14.tgz",
      "integrity": "sha512-EfL85Z+nK4kCyfQmWgLt+vxk/1znRhzPhmgd5kXdSrbjDn4eZL9zdICs9DlaxYQJo/v5BwZJHj1KXkLdGdGqNg==",
      "requires": {
        "@babel/runtime": "^7.9.6",
        "automation-events": "^2.0.7",
        "tslib": "^1.11.2"
      }
    },
    "tone": {
      "version": "14.7.1",
      "resolved": "https://registry.npmjs.org/tone/-/tone-14.7.1.tgz",
      "integrity": "sha512-Z6h77CrSXakKb43ECd94uXxGOPejhP3lI/1JWT2oxOPJM7pdFFF6CXodgP0DJS7POPWFIjpIbGNbgiBY5Dcshw==",
      "requires": {
        "standardized-audio-context": "^24.1.5",
        "tslib": "^1.10.0"
      }
    },
    "tslib": {
      "version": "1.12.0",
      "resolved": "https://registry.npmjs.org/tslib/-/tslib-1.12.0.tgz",
      "integrity": "sha512-5rxCQkP0kytf4H1T4xz1imjxaUUPMvc5aWp0rJ/VMIN7ClRiH1FwFvBt8wOeMasp/epeUnmSW6CixSIePtiLqA=="
    }
  }
}
